
Microsoft Visual Studio Solution File, Format Version 12.00
# Visual Studio 15
VisualStudioVersion = 15.0.28307.1622
MinimumVisualStudioVersion = 10.0.40219.1
Project("{8BC9CEB8-8B4A-11D0-8D11-00A0C91BC942}") = "Project1", "Project1\Project1.vcxproj", "{36CE5B2A-5F04-4C66-AD44-24F9ECD38ED9}"
EndProject
Global
	GlobalSection(SolutionConfigurationPlatforms) = preSolution
		Debug|x64 = Debug|x64
		Debug|x86 = Debug|x86
		Release|x64 = Release|x64
		Release|x86 = Release|x86
	EndGlobalSection
	GlobalSection(ProjectConfigurationPlatforms) = postSolution
		{36CE5B2A-5F04-4C66-AD44-24F9ECD38ED9}.Debug|x64.ActiveCfg = Debug|x64
		{36CE5B2A-5F04-4C66-AD44-24F9ECD38ED9}.Debug|x64.Build.0 = Debug|x64
		{36CE5B2A-5F04-4C66-AD44-24F9ECD38ED9}.Debug|x86.ActiveCfg = Debug|Win32
		{36CE5B2A-5F04-4C66-AD44-24F9ECD38ED9}.Debug|x86.Build.0 = Debug|Win32
		{36CE5B2A-5F04-4C66-AD44-24F9ECD38ED9}.Release|x64.ActiveCfg = Release|x64
		{36CE5B2A-5F04-4C66-AD44-24F9ECD38ED9}.Release|x64.Build.0 = Release|x64
		{36CE5B2A-5F04-4C66-AD44-24F9ECD38ED9}.Release|x86.ActiveCfg = Release|Win32
		{36CE5B2A-5F04-4C66-AD44-24F9ECD38ED9}.Release|x86.Build.0 = Release|Win32
	EndGlobalSection
	GlobalSection(SolutionProperties) = preSolution
		HideSolutionNode = FALSE
	EndGlobalSection
	GlobalSection(ExtensibilityGlobals) = postSolution
		SolutionGuid = {E1844049-D71A-434C-AA9C-C3111EB7426C}
	EndGlobalSection
EndGlobal
