
Microsoft Visual Studio Solution File, Format Version 12.00
# Visual Studio 15
VisualStudioVersion = 15.0.28307.1622
MinimumVisualStudioVersion = 10.0.40219.1
Project("{8BC9CEB8-8B4A-11D0-8D11-00A0C91BC942}") = "复习第五章", "复习第五章\复习第五章.vcxproj", "{028C2EE1-43A3-4410-BDD6-CE6D09952D96}"
EndProject
Global
	GlobalSection(SolutionConfigurationPlatforms) = preSolution
		Debug|x64 = Debug|x64
		Debug|x86 = Debug|x86
		Release|x64 = Release|x64
		Release|x86 = Release|x86
	EndGlobalSection
	GlobalSection(ProjectConfigurationPlatforms) = postSolution
		{028C2EE1-43A3-4410-BDD6-CE6D09952D96}.Debug|x64.ActiveCfg = Debug|x64
		{028C2EE1-43A3-4410-BDD6-CE6D09952D96}.Debug|x64.Build.0 = Debug|x64
		{028C2EE1-43A3-4410-BDD6-CE6D09952D96}.Debug|x86.ActiveCfg = Debug|Win32
		{028C2EE1-43A3-4410-BDD6-CE6D09952D96}.Debug|x86.Build.0 = Debug|Win32
		{028C2EE1-43A3-4410-BDD6-CE6D09952D96}.Release|x64.ActiveCfg = Release|x64
		{028C2EE1-43A3-4410-BDD6-CE6D09952D96}.Release|x64.Build.0 = Release|x64
		{028C2EE1-43A3-4410-BDD6-CE6D09952D96}.Release|x86.ActiveCfg = Release|Win32
		{028C2EE1-43A3-4410-BDD6-CE6D09952D96}.Release|x86.Build.0 = Release|Win32
	EndGlobalSection
	GlobalSection(SolutionProperties) = preSolution
		HideSolutionNode = FALSE
	EndGlobalSection
	GlobalSection(ExtensibilityGlobals) = postSolution
		SolutionGuid = {4E58FF7E-71F6-4412-9D3A-5BFC7063D370}
	EndGlobalSection
EndGlobal
