
Microsoft Visual Studio Solution File, Format Version 12.00
# Visual Studio 15
VisualStudioVersion = 15.0.28307.1622
MinimumVisualStudioVersion = 10.0.40219.1
Project("{8BC9CEB8-8B4A-11D0-8D11-00A0C91BC942}") = "Project7", "Project7\Project7.vcxproj", "{BD29E605-CF0C-436E-B645-83AFF74453D3}"
EndProject
Global
	GlobalSection(SolutionConfigurationPlatforms) = preSolution
		Debug|x64 = Debug|x64
		Debug|x86 = Debug|x86
		Release|x64 = Release|x64
		Release|x86 = Release|x86
	EndGlobalSection
	GlobalSection(ProjectConfigurationPlatforms) = postSolution
		{BD29E605-CF0C-436E-B645-83AFF74453D3}.Debug|x64.ActiveCfg = Debug|x64
		{BD29E605-CF0C-436E-B645-83AFF74453D3}.Debug|x64.Build.0 = Debug|x64
		{BD29E605-CF0C-436E-B645-83AFF74453D3}.Debug|x86.ActiveCfg = Debug|Win32
		{BD29E605-CF0C-436E-B645-83AFF74453D3}.Debug|x86.Build.0 = Debug|Win32
		{BD29E605-CF0C-436E-B645-83AFF74453D3}.Release|x64.ActiveCfg = Release|x64
		{BD29E605-CF0C-436E-B645-83AFF74453D3}.Release|x64.Build.0 = Release|x64
		{BD29E605-CF0C-436E-B645-83AFF74453D3}.Release|x86.ActiveCfg = Release|Win32
		{BD29E605-CF0C-436E-B645-83AFF74453D3}.Release|x86.Build.0 = Release|Win32
	EndGlobalSection
	GlobalSection(SolutionProperties) = preSolution
		HideSolutionNode = FALSE
	EndGlobalSection
	GlobalSection(ExtensibilityGlobals) = postSolution
		SolutionGuid = {2F5A5396-3A51-4BFF-A523-85EECFD332ED}
	EndGlobalSection
EndGlobal
